
Microsoft Visual Studio Solution File, Format Version 12.00
# Visual Studio Version 17
VisualStudioVersion = 17.1.32414.318
MinimumVisualStudioVersion = 10.0.40219.1
Project("{FAE04EC0-301F-11D3-BF4B-00C04F79EFBC}") = "Assignment6Ajax", "Assignment6Ajax.csproj", "{8A7B86A7-423E-4169-B7D4-931539790FBA}"
EndProject
Global
	GlobalSection(SolutionConfigurationPlatforms) = preSolution
		Debug|Any CPU = Debug|Any CPU
		Release|Any CPU = Release|Any CPU
	EndGlobalSection
	GlobalSection(ProjectConfigurationPlatforms) = postSolution
		{8A7B86A7-423E-4169-B7D4-931539790FBA}.Debug|Any CPU.ActiveCfg = Debug|Any CPU
		{8A7B86A7-423E-4169-B7D4-931539790FBA}.Debug|Any CPU.Build.0 = Debug|Any CPU
		{8A7B86A7-423E-4169-B7D4-931539790FBA}.Release|Any CPU.ActiveCfg = Release|Any CPU
		{8A7B86A7-423E-4169-B7D4-931539790FBA}.Release|Any CPU.Build.0 = Release|Any CPU
	EndGlobalSection
	GlobalSection(SolutionProperties) = preSolution
		HideSolutionNode = FALSE
	EndGlobalSection
	GlobalSection(ExtensibilityGlobals) = postSolution
		SolutionGuid = {68DBB02E-050C-409A-B405-8C6067FBA195}
	EndGlobalSection
EndGlobal
